// !$*UTF8*$!
{
	archiveVersion = 1;
	classes = {
	};
	objectVersion = 56;
	objects = {

/* Begin PBXBuildFile section */
		450282182AB32EE600C1D38E /* ViewHelper.swift in Sources */ = {isa = PBXBuildFile; fileRef = 450282172AB32EE600C1D38E /* ViewHelper.swift */; };
		450E40F22AC175F4008B225F /* LoadingViewController.swift in Sources */ = {isa = PBXBuildFile; fileRef = 450E40F12AC175F4008B225F /* LoadingViewController.swift */; };
		450E40F82AC180EF008B225F /* SDWebImage in Frameworks */ = {isa = PBXBuildFile; productRef = 450E40F72AC180EF008B225F /* SDWebImage */; };
		450E40FA2AC1862D008B225F /* gifloader.gif in Resources */ = {isa = PBXBuildFile; fileRef = 450E40F92AC1862D008B225F /* gifloader.gif */; };
		4514BEB42A6FAD73004498FD /* Alamofire in Frameworks */ = {isa = PBXBuildFile; productRef = 4514BEB32A6FAD73004498FD /* Alamofire */; };
		4514BEBA2A6FADAA004498FD /* FirebaseAnalytics in Frameworks */ = {isa = PBXBuildFile; productRef = 4514BEB92A6FADAA004498FD /* FirebaseAnalytics */; };
		4514BEBC2A6FADAA004498FD /* FirebaseAuth in Frameworks */ = {isa = PBXBuildFile; productRef = 4514BEBB2A6FADAA004498FD /* FirebaseAuth */; };
		4514BEBE2A6FADAA004498FD /* FirebaseCrashlytics in Frameworks */ = {isa = PBXBuildFile; productRef = 4514BEBD2A6FADAA004498FD /* FirebaseCrashlytics */; };
		451699082AA23DE20022C44B /* CardItem.swift in Sources */ = {isa = PBXBuildFile; fileRef = 451699072AA23DE20022C44B /* CardItem.swift */; };
		452CBD932AB47C2F009C71D1 /* GoogleSignIn in Frameworks */ = {isa = PBXBuildFile; productRef = 452CBD922AB47C2F009C71D1 /* GoogleSignIn */; };
		452CBD952AB47C2F009C71D1 /* GoogleSignInSwift in Frameworks */ = {isa = PBXBuildFile; productRef = 452CBD942AB47C2F009C71D1 /* GoogleSignInSwift */; };
		452CBD972AB48438009C71D1 /* GoogleService-Info.plist in Resources */ = {isa = PBXBuildFile; fileRef = 452CBD962AB48438009C71D1 /* GoogleService-Info.plist */; };
		452CBDAA2AB8569B009C71D1 /* FacebookCore in Frameworks */ = {isa = PBXBuildFile; productRef = 452CBDA92AB8569B009C71D1 /* FacebookCore */; };
		452CBDAC2AB8569B009C71D1 /* FacebookLogin in Frameworks */ = {isa = PBXBuildFile; productRef = 452CBDAB2AB8569B009C71D1 /* FacebookLogin */; };
		45420B452A7CD785006C5C8C /* Extension.swift in Sources */ = {isa = PBXBuildFile; fileRef = 45420B442A7CD785006C5C8C /* Extension.swift */; };
		45526D482A68422D000843DD /* ResultViewController.swift in Sources */ = {isa = PBXBuildFile; fileRef = 45526D472A68422D000843DD /* ResultViewController.swift */; };
		456A2E652AB046CF00DA85C1 /* IntValueFormatter.swift in Sources */ = {isa = PBXBuildFile; fileRef = 456A2E642AB046CF00DA85C1 /* IntValueFormatter.swift */; };
		456A2E672AB046E300DA85C1 /* PriceCategory.swift in Sources */ = {isa = PBXBuildFile; fileRef = 456A2E662AB046E300DA85C1 /* PriceCategory.swift */; };
		456A2E692AB04F6300DA85C1 /* CardGestureHandler.swift in Sources */ = {isa = PBXBuildFile; fileRef = 456A2E682AB04F6300DA85C1 /* CardGestureHandler.swift */; };
		456A2E6B2AB04F9600DA85C1 /* ImageService.swift in Sources */ = {isa = PBXBuildFile; fileRef = 456A2E6A2AB04F9600DA85C1 /* ImageService.swift */; };
		456A2E6D2AB0506F00DA85C1 /* ColorFilterService.swift in Sources */ = {isa = PBXBuildFile; fileRef = 456A2E6C2AB0506F00DA85C1 /* ColorFilterService.swift */; };
		456A2E712AB0587400DA85C1 /* EbayCountry.swift in Sources */ = {isa = PBXBuildFile; fileRef = 456A2E702AB0587400DA85C1 /* EbayCountry.swift */; };
		457972F02A42F9030099D024 /* AppDelegate.swift in Sources */ = {isa = PBXBuildFile; fileRef = 457972EF2A42F9030099D024 /* AppDelegate.swift */; };
		457972F22A42F9030099D024 /* SceneDelegate.swift in Sources */ = {isa = PBXBuildFile; fileRef = 457972F12A42F9030099D024 /* SceneDelegate.swift */; };
		457972F42A42F9030099D024 /* AuthViewController.swift in Sources */ = {isa = PBXBuildFile; fileRef = 457972F32A42F9030099D024 /* AuthViewController.swift */; };
		457972F72A42F9030099D024 /* Main.storyboard in Resources */ = {isa = PBXBuildFile; fileRef = 457972F52A42F9030099D024 /* Main.storyboard */; };
		457972F92A42F9040099D024 /* Assets.xcassets in Resources */ = {isa = PBXBuildFile; fileRef = 457972F82A42F9040099D024 /* Assets.xcassets */; };
		457972FC2A42F9040099D024 /* LaunchScreen.storyboard in Resources */ = {isa = PBXBuildFile; fileRef = 457972FA2A42F9040099D024 /* LaunchScreen.storyboard */; };
		457973072A42F9040099D024 /* ValuCardsTests.swift in Sources */ = {isa = PBXBuildFile; fileRef = 457973062A42F9040099D024 /* ValuCardsTests.swift */; };
		457973112A42F9040099D024 /* ValuCardsUITests.swift in Sources */ = {isa = PBXBuildFile; fileRef = 457973102A42F9040099D024 /* ValuCardsUITests.swift */; };
		457973132A42F9040099D024 /* ValuCardsUITestsLaunchTests.swift in Sources */ = {isa = PBXBuildFile; fileRef = 457973122A42F9040099D024 /* ValuCardsUITestsLaunchTests.swift */; };
		457973272A432C760099D024 /* CardsModel.swift in Sources */ = {isa = PBXBuildFile; fileRef = 457973262A432C760099D024 /* CardsModel.swift */; };
		457973292A432D240099D024 /* SearchCardViewController.swift in Sources */ = {isa = PBXBuildFile; fileRef = 457973282A432D240099D024 /* SearchCardViewController.swift */; };
		4579732B2A4339430099D024 /* Card.swift in Sources */ = {isa = PBXBuildFile; fileRef = 4579732A2A4339430099D024 /* Card.swift */; };
		4582D87C2A4B6FC600AE6084 /* ResponseModel.swift in Sources */ = {isa = PBXBuildFile; fileRef = 4582D87B2A4B6FC600AE6084 /* ResponseModel.swift */; };
		459942DD2A4D707F00BC4AF3 /* CardsSession.swift in Sources */ = {isa = PBXBuildFile; fileRef = 459942DC2A4D707F00BC4AF3 /* CardsSession.swift */; };
		459942DF2A4D7B6900BC4AF3 /* Error.swift in Sources */ = {isa = PBXBuildFile; fileRef = 459942DE2A4D7B6900BC4AF3 /* Error.swift */; };
		45B5B3B32AAB044800A0E169 /* DGCharts in Frameworks */ = {isa = PBXBuildFile; productRef = 45B5B3B22AAB044800A0E169 /* DGCharts */; };
		45F19C3D2A5FDE1F00274D05 /* SlideViewController.swift in Sources */ = {isa = PBXBuildFile; fileRef = 45F19C3C2A5FDE1F00274D05 /* SlideViewController.swift */; };
		45F433C52AA5D596003BDB0E /* CardPricingService.swift in Sources */ = {isa = PBXBuildFile; fileRef = 45F433C42AA5D596003BDB0E /* CardPricingService.swift */; };
		45F433C72AA5E1BC003BDB0E /* UIViewController+Alerts.swift in Sources */ = {isa = PBXBuildFile; fileRef = 45F433C62AA5E1BC003BDB0E /* UIViewController+Alerts.swift */; };
		4EC54739AD0702A048577A8E /* Pods_ValuCardsTests.framework in Frameworks */ = {isa = PBXBuildFile; fileRef = B1439C23CC65CA86A2C9C36C /* Pods_ValuCardsTests.framework */; };
		D5DB5CF7922AE180B997357F /* Pods_ValuCards_ValuCardsUITests.framework in Frameworks */ = {isa = PBXBuildFile; fileRef = F9E7088ABF5389C3BA11BA20 /* Pods_ValuCards_ValuCardsUITests.framework */; };
/* End PBXBuildFile section */

/* Begin PBXContainerItemProxy section */
		457973032A42F9040099D024 /* PBXContainerItemProxy */ = {
			isa = PBXContainerItemProxy;
			containerPortal = 457972E42A42F9030099D024 /* Project object */;
			proxyType = 1;
			remoteGlobalIDString = 457972EB2A42F9030099D024;
			remoteInfo = ValuCards;
		};
		4579730D2A42F9040099D024 /* PBXContainerItemProxy */ = {
			isa = PBXContainerItemProxy;
			containerPortal = 457972E42A42F9030099D024 /* Project object */;
			proxyType = 1;
			remoteGlobalIDString = 457972EB2A42F9030099D024;
			remoteInfo = ValuCards;
		};
/* End PBXContainerItemProxy section */

/* Begin PBXCopyFilesBuildPhase section */
		45B5B3A12AA9E96000A0E169 /* Embed Frameworks */ = {
			isa = PBXCopyFilesBuildPhase;
			buildActionMask = 2147483647;
			dstPath = "";
			dstSubfolderSpec = 10;
			files = (
			);
			name = "Embed Frameworks";
			runOnlyForDeploymentPostprocessing = 0;
		};
/* End PBXCopyFilesBuildPhase section */

/* Begin PBXFileReference section */
		450282172AB32EE600C1D38E /* ViewHelper.swift */ = {isa = PBXFileReference; lastKnownFileType = sourcecode.swift; path = ViewHelper.swift; sourceTree = "<group>"; };
		450E40F12AC175F4008B225F /* LoadingViewController.swift */ = {isa = PBXFileReference; lastKnownFileType = sourcecode.swift; path = LoadingViewController.swift; sourceTree = "<group>"; };
		450E40F92AC1862D008B225F /* gifloader.gif */ = {isa = PBXFileReference; lastKnownFileType = image.gif; path = gifloader.gif; sourceTree = "<group>"; };
		451699072AA23DE20022C44B /* CardItem.swift */ = {isa = PBXFileReference; lastKnownFileType = sourcecode.swift; path = CardItem.swift; sourceTree = "<group>"; };
		452CBD962AB48438009C71D1 /* GoogleService-Info.plist */ = {isa = PBXFileReference; fileEncoding = 4; lastKnownFileType = text.plist.xml; name = "GoogleService-Info.plist"; path = "../../Downloads/GoogleService-Info.plist"; sourceTree = "<group>"; };
		45420B442A7CD785006C5C8C /* Extension.swift */ = {isa = PBXFileReference; lastKnownFileType = sourcecode.swift; path = Extension.swift; sourceTree = "<group>"; };
		45526D472A68422D000843DD /* ResultViewController.swift */ = {isa = PBXFileReference; lastKnownFileType = sourcecode.swift; path = ResultViewController.swift; sourceTree = "<group>"; };
		456A2E642AB046CF00DA85C1 /* IntValueFormatter.swift */ = {isa = PBXFileReference; lastKnownFileType = sourcecode.swift; path = IntValueFormatter.swift; sourceTree = "<group>"; };
		456A2E662AB046E300DA85C1 /* PriceCategory.swift */ = {isa = PBXFileReference; lastKnownFileType = sourcecode.swift; path = PriceCategory.swift; sourceTree = "<group>"; };
		456A2E682AB04F6300DA85C1 /* CardGestureHandler.swift */ = {isa = PBXFileReference; lastKnownFileType = sourcecode.swift; path = CardGestureHandler.swift; sourceTree = "<group>"; };
		456A2E6A2AB04F9600DA85C1 /* ImageService.swift */ = {isa = PBXFileReference; lastKnownFileType = sourcecode.swift; path = ImageService.swift; sourceTree = "<group>"; };
		456A2E6C2AB0506F00DA85C1 /* ColorFilterService.swift */ = {isa = PBXFileReference; lastKnownFileType = sourcecode.swift; path = ColorFilterService.swift; sourceTree = "<group>"; };
		456A2E702AB0587400DA85C1 /* EbayCountry.swift */ = {isa = PBXFileReference; lastKnownFileType = sourcecode.swift; path = EbayCountry.swift; sourceTree = "<group>"; };
		457972EC2A42F9030099D024 /* ValuCards.app */ = {isa = PBXFileReference; explicitFileType = wrapper.application; includeInIndex = 0; path = ValuCards.app; sourceTree = BUILT_PRODUCTS_DIR; };
		457972EF2A42F9030099D024 /* AppDelegate.swift */ = {isa = PBXFileReference; lastKnownFileType = sourcecode.swift; path = AppDelegate.swift; sourceTree = "<group>"; };
		457972F12A42F9030099D024 /* SceneDelegate.swift */ = {isa = PBXFileReference; lastKnownFileType = sourcecode.swift; path = SceneDelegate.swift; sourceTree = "<group>"; };
		457972F32A42F9030099D024 /* AuthViewController.swift */ = {isa = PBXFileReference; lastKnownFileType = sourcecode.swift; path = AuthViewController.swift; sourceTree = "<group>"; };
		457972F62A42F9030099D024 /* Base */ = {isa = PBXFileReference; lastKnownFileType = file.storyboard; name = Base; path = Base.lproj/Main.storyboard; sourceTree = "<group>"; };
		457972F82A42F9040099D024 /* Assets.xcassets */ = {isa = PBXFileReference; lastKnownFileType = folder.assetcatalog; path = Assets.xcassets; sourceTree = "<group>"; };
		457972FB2A42F9040099D024 /* Base */ = {isa = PBXFileReference; lastKnownFileType = file.storyboard; name = Base; path = Base.lproj/LaunchScreen.storyboard; sourceTree = "<group>"; };
		457972FD2A42F9040099D024 /* Info.plist */ = {isa = PBXFileReference; lastKnownFileType = text.plist.xml; path = Info.plist; sourceTree = "<group>"; };
		457973022A42F9040099D024 /* ValuCardsTests.xctest */ = {isa = PBXFileReference; explicitFileType = wrapper.cfbundle; includeInIndex = 0; path = ValuCardsTests.xctest; sourceTree = BUILT_PRODUCTS_DIR; };
		457973062A42F9040099D024 /* ValuCardsTests.swift */ = {isa = PBXFileReference; lastKnownFileType = sourcecode.swift; path = ValuCardsTests.swift; sourceTree = "<group>"; };
		4579730C2A42F9040099D024 /* ValuCardsUITests.xctest */ = {isa = PBXFileReference; explicitFileType = wrapper.cfbundle; includeInIndex = 0; path = ValuCardsUITests.xctest; sourceTree = BUILT_PRODUCTS_DIR; };
		457973102A42F9040099D024 /* ValuCardsUITests.swift */ = {isa = PBXFileReference; lastKnownFileType = sourcecode.swift; path = ValuCardsUITests.swift; sourceTree = "<group>"; };
		457973122A42F9040099D024 /* ValuCardsUITestsLaunchTests.swift */ = {isa = PBXFileReference; lastKnownFileType = sourcecode.swift; path = ValuCardsUITestsLaunchTests.swift; sourceTree = "<group>"; };
		457973262A432C760099D024 /* CardsModel.swift */ = {isa = PBXFileReference; lastKnownFileType = sourcecode.swift; path = CardsModel.swift; sourceTree = "<group>"; };
		457973282A432D240099D024 /* SearchCardViewController.swift */ = {isa = PBXFileReference; lastKnownFileType = sourcecode.swift; path = SearchCardViewController.swift; sourceTree = "<group>"; };
		4579732A2A4339430099D024 /* Card.swift */ = {isa = PBXFileReference; lastKnownFileType = sourcecode.swift; path = Card.swift; sourceTree = "<group>"; };
		4582D87B2A4B6FC600AE6084 /* ResponseModel.swift */ = {isa = PBXFileReference; lastKnownFileType = sourcecode.swift; path = ResponseModel.swift; sourceTree = "<group>"; };
		459942DC2A4D707F00BC4AF3 /* CardsSession.swift */ = {isa = PBXFileReference; lastKnownFileType = sourcecode.swift; path = CardsSession.swift; sourceTree = "<group>"; };
		459942DE2A4D7B6900BC4AF3 /* Error.swift */ = {isa = PBXFileReference; lastKnownFileType = sourcecode.swift; path = Error.swift; sourceTree = "<group>"; };
		45B5B3A62AA9F1B100A0E169 /* Charts.framework */ = {isa = PBXFileReference; lastKnownFileType = wrapper.framework; name = Charts.framework; path = System/Library/Frameworks/Charts.framework; sourceTree = SDKROOT; };
		45F19C3C2A5FDE1F00274D05 /* SlideViewController.swift */ = {isa = PBXFileReference; lastKnownFileType = sourcecode.swift; path = SlideViewController.swift; sourceTree = "<group>"; };
		45F433C42AA5D596003BDB0E /* CardPricingService.swift */ = {isa = PBXFileReference; lastKnownFileType = sourcecode.swift; path = CardPricingService.swift; sourceTree = "<group>"; };
		45F433C62AA5E1BC003BDB0E /* UIViewController+Alerts.swift */ = {isa = PBXFileReference; lastKnownFileType = sourcecode.swift; path = "UIViewController+Alerts.swift"; sourceTree = "<group>"; };
		858118CA3FB982FAA5E6D273 /* Pods_ValuCards.framework */ = {isa = PBXFileReference; explicitFileType = wrapper.framework; includeInIndex = 0; path = Pods_ValuCards.framework; sourceTree = BUILT_PRODUCTS_DIR; };
		B1439C23CC65CA86A2C9C36C /* Pods_ValuCardsTests.framework */ = {isa = PBXFileReference; explicitFileType = wrapper.framework; includeInIndex = 0; path = Pods_ValuCardsTests.framework; sourceTree = BUILT_PRODUCTS_DIR; };
		F9E7088ABF5389C3BA11BA20 /* Pods_ValuCards_ValuCardsUITests.framework */ = {isa = PBXFileReference; explicitFileType = wrapper.framework; includeInIndex = 0; path = Pods_ValuCards_ValuCardsUITests.framework; sourceTree = BUILT_PRODUCTS_DIR; };
/* End PBXFileReference section */

/* Begin PBXFrameworksBuildPhase section */
		457972E92A42F9030099D024 /* Frameworks */ = {
			isa = PBXFrameworksBuildPhase;
			buildActionMask = 2147483647;
			files = (
				4514BEBA2A6FADAA004498FD /* FirebaseAnalytics in Frameworks */,
				4514BEBE2A6FADAA004498FD /* FirebaseCrashlytics in Frameworks */,
				452CBD952AB47C2F009C71D1 /* GoogleSignInSwift in Frameworks */,
				4514BEBC2A6FADAA004498FD /* FirebaseAuth in Frameworks */,
				45B5B3B32AAB044800A0E169 /* DGCharts in Frameworks */,
				452CBDAC2AB8569B009C71D1 /* FacebookLogin in Frameworks */,
				4514BEB42A6FAD73004498FD /* Alamofire in Frameworks */,
				450E40F82AC180EF008B225F /* SDWebImage in Frameworks */,
				452CBD932AB47C2F009C71D1 /* GoogleSignIn in Frameworks */,
				452CBDAA2AB8569B009C71D1 /* FacebookCore in Frameworks */,
			);
			runOnlyForDeploymentPostprocessing = 0;
		};
		457972FF2A42F9040099D024 /* Frameworks */ = {
			isa = PBXFrameworksBuildPhase;
			buildActionMask = 2147483647;
			files = (
				4EC54739AD0702A048577A8E /* Pods_ValuCardsTests.framework in Frameworks */,
			);
			runOnlyForDeploymentPostprocessing = 0;
		};
		457973092A42F9040099D024 /* Frameworks */ = {
			isa = PBXFrameworksBuildPhase;
			buildActionMask = 2147483647;
			files = (
				D5DB5CF7922AE180B997357F /* Pods_ValuCards_ValuCardsUITests.framework in Frameworks */,
			);
			runOnlyForDeploymentPostprocessing = 0;
		};
/* End PBXFrameworksBuildPhase section */

/* Begin PBXGroup section */
		450282192AB32F1700C1D38E /* Others */ = {
			isa = PBXGroup;
			children = (
				450282172AB32EE600C1D38E /* ViewHelper.swift */,
				456A2E6C2AB0506F00DA85C1 /* ColorFilterService.swift */,
				456A2E682AB04F6300DA85C1 /* CardGestureHandler.swift */,
			);
			path = Others;
			sourceTree = "<group>";
		};
		457972E32A42F9030099D024 = {
			isa = PBXGroup;
			children = (
				452CBD962AB48438009C71D1 /* GoogleService-Info.plist */,
				457972EE2A42F9030099D024 /* ValuCards */,
				457973052A42F9040099D024 /* ValuCardsTests */,
				4579730F2A42F9040099D024 /* ValuCardsUITests */,
				457972ED2A42F9030099D024 /* Products */,
				9937E0E347CD8C2874AA3658 /* Frameworks */,
			);
			sourceTree = "<group>";
		};
		457972ED2A42F9030099D024 /* Products */ = {
			isa = PBXGroup;
			children = (
				457972EC2A42F9030099D024 /* ValuCards.app */,
				457973022A42F9040099D024 /* ValuCardsTests.xctest */,
				4579730C2A42F9040099D024 /* ValuCardsUITests.xctest */,
			);
			name = Products;
			sourceTree = "<group>";
		};
		457972EE2A42F9030099D024 /* ValuCards */ = {
			isa = PBXGroup;
			children = (
				457973222A42F92A0099D024 /* Others */,
				457973212A42F9220099D024 /* Controller */,
				457973202A42F91D0099D024 /* View */,
				4579731F2A42F9180099D024 /* Model */,
			);
			path = ValuCards;
			sourceTree = "<group>";
		};
		457973052A42F9040099D024 /* ValuCardsTests */ = {
			isa = PBXGroup;
			children = (
				457973062A42F9040099D024 /* ValuCardsTests.swift */,
			);
			path = ValuCardsTests;
			sourceTree = "<group>";
		};
		4579730F2A42F9040099D024 /* ValuCardsUITests */ = {
			isa = PBXGroup;
			children = (
				457973102A42F9040099D024 /* ValuCardsUITests.swift */,
				457973122A42F9040099D024 /* ValuCardsUITestsLaunchTests.swift */,
			);
			path = ValuCardsUITests;
			sourceTree = "<group>";
		};
		4579731F2A42F9180099D024 /* Model */ = {
			isa = PBXGroup;
			children = (
				45A7D7C42AA9A8130051C706 /* Others */,
				4579732A2A4339430099D024 /* Card.swift */,
				457973262A432C760099D024 /* CardsModel.swift */,
				459942DC2A4D707F00BC4AF3 /* CardsSession.swift */,
				4582D87B2A4B6FC600AE6084 /* ResponseModel.swift */,
				451699072AA23DE20022C44B /* CardItem.swift */,
				45F433C42AA5D596003BDB0E /* CardPricingService.swift */,
				456A2E6A2AB04F9600DA85C1 /* ImageService.swift */,
			);
			path = Model;
			sourceTree = "<group>";
		};
		457973202A42F91D0099D024 /* View */ = {
			isa = PBXGroup;
			children = (
				457972F52A42F9030099D024 /* Main.storyboard */,
			);
			path = View;
			sourceTree = "<group>";
		};
		457973212A42F9220099D024 /* Controller */ = {
			isa = PBXGroup;
			children = (
				450282192AB32F1700C1D38E /* Others */,
				4582D8752A4B0B1A00AE6084 /* Auth */,
				4582D8762A4B0B2400AE6084 /* Search */,
			);
			path = Controller;
			sourceTree = "<group>";
		};
		457973222A42F92A0099D024 /* Others */ = {
			isa = PBXGroup;
			children = (
				450E40F92AC1862D008B225F /* gifloader.gif */,
				457972EF2A42F9030099D024 /* AppDelegate.swift */,
				457972F12A42F9030099D024 /* SceneDelegate.swift */,
				457972FD2A42F9040099D024 /* Info.plist */,
				457972FA2A42F9040099D024 /* LaunchScreen.storyboard */,
				457972F82A42F9040099D024 /* Assets.xcassets */,
			);
			path = Others;
			sourceTree = "<group>";
		};
		4582D8752A4B0B1A00AE6084 /* Auth */ = {
			isa = PBXGroup;
			children = (
				457972F32A42F9030099D024 /* AuthViewController.swift */,
			);
			path = Auth;
			sourceTree = "<group>";
		};
		4582D8762A4B0B2400AE6084 /* Search */ = {
			isa = PBXGroup;
			children = (
				457973282A432D240099D024 /* SearchCardViewController.swift */,
				45F19C3C2A5FDE1F00274D05 /* SlideViewController.swift */,
				450E40F12AC175F4008B225F /* LoadingViewController.swift */,
				45526D472A68422D000843DD /* ResultViewController.swift */,
			);
			path = Search;
			sourceTree = "<group>";
		};
		45A7D7C42AA9A8130051C706 /* Others */ = {
			isa = PBXGroup;
			children = (
				459942DE2A4D7B6900BC4AF3 /* Error.swift */,
				45F433C62AA5E1BC003BDB0E /* UIViewController+Alerts.swift */,
				45420B442A7CD785006C5C8C /* Extension.swift */,
				456A2E642AB046CF00DA85C1 /* IntValueFormatter.swift */,
				456A2E662AB046E300DA85C1 /* PriceCategory.swift */,
				456A2E702AB0587400DA85C1 /* EbayCountry.swift */,
			);
			path = Others;
			sourceTree = "<group>";
		};
		9937E0E347CD8C2874AA3658 /* Frameworks */ = {
			isa = PBXGroup;
			children = (
				45B5B3A62AA9F1B100A0E169 /* Charts.framework */,
				858118CA3FB982FAA5E6D273 /* Pods_ValuCards.framework */,
				F9E7088ABF5389C3BA11BA20 /* Pods_ValuCards_ValuCardsUITests.framework */,
				B1439C23CC65CA86A2C9C36C /* Pods_ValuCardsTests.framework */,
			);
			name = Frameworks;
			sourceTree = "<group>";
		};
/* End PBXGroup section */

/* Begin PBXNativeTarget section */
		457972EB2A42F9030099D024 /* ValuCards */ = {
			isa = PBXNativeTarget;
			buildConfigurationList = 457973162A42F9040099D024 /* Build configuration list for PBXNativeTarget "ValuCards" */;
			buildPhases = (
				457972E82A42F9030099D024 /* Sources */,
				457972E92A42F9030099D024 /* Frameworks */,
				457972EA2A42F9030099D024 /* Resources */,
				45B5B3A12AA9E96000A0E169 /* Embed Frameworks */,
			);
			buildRules = (
			);
			dependencies = (
			);
			name = ValuCards;
			packageProductDependencies = (
				4514BEB32A6FAD73004498FD /* Alamofire */,
				4514BEB92A6FADAA004498FD /* FirebaseAnalytics */,
				4514BEBB2A6FADAA004498FD /* FirebaseAuth */,
				4514BEBD2A6FADAA004498FD /* FirebaseCrashlytics */,
				45B5B3B22AAB044800A0E169 /* DGCharts */,
				452CBD922AB47C2F009C71D1 /* GoogleSignIn */,
				452CBD942AB47C2F009C71D1 /* GoogleSignInSwift */,
				452CBDA92AB8569B009C71D1 /* FacebookCore */,
				452CBDAB2AB8569B009C71D1 /* FacebookLogin */,
				450E40F72AC180EF008B225F /* SDWebImage */,
			);
			productName = ValuCards;
			productReference = 457972EC2A42F9030099D024 /* ValuCards.app */;
			productType = "com.apple.product-type.application";
		};
		457973012A42F9040099D024 /* ValuCardsTests */ = {
			isa = PBXNativeTarget;
			buildConfigurationList = 457973192A42F9040099D024 /* Build configuration list for PBXNativeTarget "ValuCardsTests" */;
			buildPhases = (
				29DF02795F728DE23502A736 /* [CP] Check Pods Manifest.lock */,
				457972FE2A42F9040099D024 /* Sources */,
				457972FF2A42F9040099D024 /* Frameworks */,
				457973002A42F9040099D024 /* Resources */,
			);
			buildRules = (
			);
			dependencies = (
				457973042A42F9040099D024 /* PBXTargetDependency */,
			);
			name = ValuCardsTests;
			productName = ValuCardsTests;
			productReference = 457973022A42F9040099D024 /* ValuCardsTests.xctest */;
			productType = "com.apple.product-type.bundle.unit-test";
		};
		4579730B2A42F9040099D024 /* ValuCardsUITests */ = {
			isa = PBXNativeTarget;
			buildConfigurationList = 4579731C2A42F9040099D024 /* Build configuration list for PBXNativeTarget "ValuCardsUITests" */;
			buildPhases = (
				2311F405F74EB3F9AD89CB3E /* [CP] Check Pods Manifest.lock */,
				457973082A42F9040099D024 /* Sources */,
				457973092A42F9040099D024 /* Frameworks */,
				4579730A2A42F9040099D024 /* Resources */,
			);
			buildRules = (
			);
			dependencies = (
				4579730E2A42F9040099D024 /* PBXTargetDependency */,
			);
			name = ValuCardsUITests;
			productName = ValuCardsUITests;
			productReference = 4579730C2A42F9040099D024 /* ValuCardsUITests.xctest */;
			productType = "com.apple.product-type.bundle.ui-testing";
		};
/* End PBXNativeTarget section */

/* Begin PBXProject section */
		457972E42A42F9030099D024 /* Project object */ = {
			isa = PBXProject;
			attributes = {
				BuildIndependentTargetsInParallel = 1;
				LastSwiftUpdateCheck = 1430;
				LastUpgradeCheck = 1430;
				TargetAttributes = {
					457972EB2A42F9030099D024 = {
						CreatedOnToolsVersion = 14.3.1;
					};
					457973012A42F9040099D024 = {
						CreatedOnToolsVersion = 14.3.1;
						TestTargetID = 457972EB2A42F9030099D024;
					};
					4579730B2A42F9040099D024 = {
						CreatedOnToolsVersion = 14.3.1;
						TestTargetID = 457972EB2A42F9030099D024;
					};
				};
			};
			buildConfigurationList = 457972E72A42F9030099D024 /* Build configuration list for PBXProject "ValuCards" */;
			compatibilityVersion = "Xcode 14.0";
			developmentRegion = en;
			hasScannedForEncodings = 0;
			knownRegions = (
				en,
				Base,
			);
			mainGroup = 457972E32A42F9030099D024;
			packageReferences = (
				4514BEB22A6FAD73004498FD /* XCRemoteSwiftPackageReference "Alamofire" */,
				4514BEB82A6FADAA004498FD /* XCRemoteSwiftPackageReference "firebase-ios-sdk" */,
				45B5B3B12AAB044800A0E169 /* XCRemoteSwiftPackageReference "Charts" */,
				452CBD912AB47C2F009C71D1 /* XCRemoteSwiftPackageReference "GoogleSignIn-iOS" */,
				452CBDA82AB8569B009C71D1 /* XCRemoteSwiftPackageReference "facebook-ios-sdk" */,
				450E40F62AC180EF008B225F /* XCRemoteSwiftPackageReference "SDWebImage" */,
			);
			productRefGroup = 457972ED2A42F9030099D024 /* Products */;
			projectDirPath = "";
			projectRoot = "";
			targets = (
				457972EB2A42F9030099D024 /* ValuCards */,
				457973012A42F9040099D024 /* ValuCardsTests */,
				4579730B2A42F9040099D024 /* ValuCardsUITests */,
			);
		};
/* End PBXProject section */

/* Begin PBXResourcesBuildPhase section */
		457972EA2A42F9030099D024 /* Resources */ = {
			isa = PBXResourcesBuildPhase;
			buildActionMask = 2147483647;
			files = (
				457972FC2A42F9040099D024 /* LaunchScreen.storyboard in Resources */,
				452CBD972AB48438009C71D1 /* GoogleService-Info.plist in Resources */,
				457972F92A42F9040099D024 /* Assets.xcassets in Resources */,
				450E40FA2AC1862D008B225F /* gifloader.gif in Resources */,
				457972F72A42F9030099D024 /* Main.storyboard in Resources */,
			);
			runOnlyForDeploymentPostprocessing = 0;
		};
		457973002A42F9040099D024 /* Resources */ = {
			isa = PBXResourcesBuildPhase;
			buildActionMask = 2147483647;
			files = (
			);
			runOnlyForDeploymentPostprocessing = 0;
		};
		4579730A2A42F9040099D024 /* Resources */ = {
			isa = PBXResourcesBuildPhase;
			buildActionMask = 2147483647;
			files = (
			);
			runOnlyForDeploymentPostprocessing = 0;
		};
/* End PBXResourcesBuildPhase section */

/* Begin PBXShellScriptBuildPhase section */
		2311F405F74EB3F9AD89CB3E /* [CP] Check Pods Manifest.lock */ = {
			isa = PBXShellScriptBuildPhase;
			buildActionMask = 2147483647;
			files = (
			);
			inputFileListPaths = (
			);
			inputPaths = (
				"${PODS_PODFILE_DIR_PATH}/Podfile.lock",
				"${PODS_ROOT}/Manifest.lock",
			);
			name = "[CP] Check Pods Manifest.lock";
			outputFileListPaths = (
			);
			outputPaths = (
				"$(DERIVED_FILE_DIR)/Pods-ValuCards-ValuCardsUITests-checkManifestLockResult.txt",
			);
			runOnlyForDeploymentPostprocessing = 0;
			shellPath = /bin/sh;
			shellScript = "diff \"${PODS_PODFILE_DIR_PATH}/Podfile.lock\" \"${PODS_ROOT}/Manifest.lock\" > /dev/null\nif [ $? != 0 ] ; then\n    # print error to STDERR\n    echo \"error: The sandbox is not in sync with the Podfile.lock. Run 'pod install' or update your CocoaPods installation.\" >&2\n    exit 1\nfi\n# This output is used by Xcode 'outputs' to avoid re-running this script phase.\necho \"SUCCESS\" > \"${SCRIPT_OUTPUT_FILE_0}\"\n";
			showEnvVarsInLog = 0;
		};
		29DF02795F728DE23502A736 /* [CP] Check Pods Manifest.lock */ = {
			isa = PBXShellScriptBuildPhase;
			buildActionMask = 2147483647;
			files = (
			);
			inputFileListPaths = (
			);
			inputPaths = (
				"${PODS_PODFILE_DIR_PATH}/Podfile.lock",
				"${PODS_ROOT}/Manifest.lock",
			);
			name = "[CP] Check Pods Manifest.lock";
			outputFileListPaths = (
			);
			outputPaths = (
				"$(DERIVED_FILE_DIR)/Pods-ValuCardsTests-checkManifestLockResult.txt",
			);
			runOnlyForDeploymentPostprocessing = 0;
			shellPath = /bin/sh;
			shellScript = "diff \"${PODS_PODFILE_DIR_PATH}/Podfile.lock\" \"${PODS_ROOT}/Manifest.lock\" > /dev/null\nif [ $? != 0 ] ; then\n    # print error to STDERR\n    echo \"error: The sandbox is not in sync with the Podfile.lock. Run 'pod install' or update your CocoaPods installation.\" >&2\n    exit 1\nfi\n# This output is used by Xcode 'outputs' to avoid re-running this script phase.\necho \"SUCCESS\" > \"${SCRIPT_OUTPUT_FILE_0}\"\n";
			showEnvVarsInLog = 0;
		};
/* End PBXShellScriptBuildPhase section */

/* Begin PBXSourcesBuildPhase section */
		457972E82A42F9030099D024 /* Sources */ = {
			isa = PBXSourcesBuildPhase;
			buildActionMask = 2147483647;
			files = (
				456A2E6D2AB0506F00DA85C1 /* ColorFilterService.swift in Sources */,
				4582D87C2A4B6FC600AE6084 /* ResponseModel.swift in Sources */,
				45F433C52AA5D596003BDB0E /* CardPricingService.swift in Sources */,
				450282182AB32EE600C1D38E /* ViewHelper.swift in Sources */,
				456A2E712AB0587400DA85C1 /* EbayCountry.swift in Sources */,
				457973292A432D240099D024 /* SearchCardViewController.swift in Sources */,
				456A2E672AB046E300DA85C1 /* PriceCategory.swift in Sources */,
				45526D482A68422D000843DD /* ResultViewController.swift in Sources */,
				45F19C3D2A5FDE1F00274D05 /* SlideViewController.swift in Sources */,
				456A2E692AB04F6300DA85C1 /* CardGestureHandler.swift in Sources */,
				450E40F22AC175F4008B225F /* LoadingViewController.swift in Sources */,
				459942DD2A4D707F00BC4AF3 /* CardsSession.swift in Sources */,
				457972F42A42F9030099D024 /* AuthViewController.swift in Sources */,
				457972F02A42F9030099D024 /* AppDelegate.swift in Sources */,
				456A2E652AB046CF00DA85C1 /* IntValueFormatter.swift in Sources */,
				45420B452A7CD785006C5C8C /* Extension.swift in Sources */,
				456A2E6B2AB04F9600DA85C1 /* ImageService.swift in Sources */,
				4579732B2A4339430099D024 /* Card.swift in Sources */,
				45F433C72AA5E1BC003BDB0E /* UIViewController+Alerts.swift in Sources */,
				457972F22A42F9030099D024 /* SceneDelegate.swift in Sources */,
				459942DF2A4D7B6900BC4AF3 /* Error.swift in Sources */,
				451699082AA23DE20022C44B /* CardItem.swift in Sources */,
				457973272A432C760099D024 /* CardsModel.swift in Sources */,
			);
			runOnlyForDeploymentPostprocessing = 0;
		};
		457972FE2A42F9040099D024 /* Sources */ = {
			isa = PBXSourcesBuildPhase;
			buildActionMask = 2147483647;
			files = (
				457973072A42F9040099D024 /* ValuCardsTests.swift in Sources */,
			);
			runOnlyForDeploymentPostprocessing = 0;
		};
		457973082A42F9040099D024 /* Sources */ = {
			isa = PBXSourcesBuildPhase;
			buildActionMask = 2147483647;
			files = (
				457973132A42F9040099D024 /* ValuCardsUITestsLaunchTests.swift in Sources */,
				457973112A42F9040099D024 /* ValuCardsUITests.swift in Sources */,
			);
			runOnlyForDeploymentPostprocessing = 0;
		};
/* End PBXSourcesBuildPhase section */

/* Begin PBXTargetDependency section */
		457973042A42F9040099D024 /* PBXTargetDependency */ = {
			isa = PBXTargetDependency;
			target = 457972EB2A42F9030099D024 /* ValuCards */;
			targetProxy = 457973032A42F9040099D024 /* PBXContainerItemProxy */;
		};
		4579730E2A42F9040099D024 /* PBXTargetDependency */ = {
			isa = PBXTargetDependency;
			target = 457972EB2A42F9030099D024 /* ValuCards */;
			targetProxy = 4579730D2A42F9040099D024 /* PBXContainerItemProxy */;
		};
/* End PBXTargetDependency section */

/* Begin PBXVariantGroup section */
		457972F52A42F9030099D024 /* Main.storyboard */ = {
			isa = PBXVariantGroup;
			children = (
				457972F62A42F9030099D024 /* Base */,
			);
			name = Main.storyboard;
			sourceTree = "<group>";
		};
		457972FA2A42F9040099D024 /* LaunchScreen.storyboard */ = {
			isa = PBXVariantGroup;
			children = (
				457972FB2A42F9040099D024 /* Base */,
			);
			name = LaunchScreen.storyboard;
			sourceTree = "<group>";
		};
/* End PBXVariantGroup section */

/* Begin XCBuildConfiguration section */
		457973142A42F9040099D024 /* Debug */ = {
			isa = XCBuildConfiguration;
			buildSettings = {
				ALWAYS_SEARCH_USER_PATHS = NO;
				CLANG_ANALYZER_NONNULL = YES;
				CLANG_ANALYZER_NUMBER_OBJECT_CONVERSION = YES_AGGRESSIVE;
				CLANG_CXX_LANGUAGE_STANDARD = "gnu++20";
				CLANG_ENABLE_MODULES = YES;
				CLANG_ENABLE_OBJC_ARC = YES;
				CLANG_ENABLE_OBJC_WEAK = YES;
				CLANG_WARN_BLOCK_CAPTURE_AUTORELEASING = YES;
				CLANG_WARN_BOOL_CONVERSION = YES;
				CLANG_WARN_COMMA = YES;
				CLANG_WARN_CONSTANT_CONVERSION = YES;
				CLANG_WARN_DEPRECATED_OBJC_IMPLEMENTATIONS = YES;
				CLANG_WARN_DIRECT_OBJC_ISA_USAGE = YES_ERROR;
				CLANG_WARN_DOCUMENTATION_COMMENTS = YES;
				CLANG_WARN_EMPTY_BODY = YES;
				CLANG_WARN_ENUM_CONVERSION = YES;
				CLANG_WARN_INFINITE_RECURSION = YES;
				CLANG_WARN_INT_CONVERSION = YES;
				CLANG_WARN_NON_LITERAL_NULL_CONVERSION = YES;
				CLANG_WARN_OBJC_IMPLICIT_RETAIN_SELF = YES;
				CLANG_WARN_OBJC_LITERAL_CONVERSION = YES;
				CLANG_WARN_OBJC_ROOT_CLASS = YES_ERROR;
				CLANG_WARN_QUOTED_INCLUDE_IN_FRAMEWORK_HEADER = YES;
				CLANG_WARN_RANGE_LOOP_ANALYSIS = YES;
				CLANG_WARN_STRICT_PROTOTYPES = YES;
				CLANG_WARN_SUSPICIOUS_MOVE = YES;
				CLANG_WARN_UNGUARDED_AVAILABILITY = YES_AGGRESSIVE;
				CLANG_WARN_UNREACHABLE_CODE = YES;
				CLANG_WARN__DUPLICATE_METHOD_MATCH = YES;
				COPY_PHASE_STRIP = NO;
				DEBUG_INFORMATION_FORMAT = dwarf;
				ENABLE_STRICT_OBJC_MSGSEND = YES;
				ENABLE_TESTABILITY = YES;
				GCC_C_LANGUAGE_STANDARD = gnu11;
				GCC_DYNAMIC_NO_PIC = NO;
				GCC_NO_COMMON_BLOCKS = YES;
				GCC_OPTIMIZATION_LEVEL = 0;
				GCC_PREPROCESSOR_DEFINITIONS = (
					"DEBUG=1",
					"$(inherited)",
				);
				GCC_WARN_64_TO_32_BIT_CONVERSION = YES;
				GCC_WARN_ABOUT_RETURN_TYPE = YES_ERROR;
				GCC_WARN_UNDECLARED_SELECTOR = YES;
				GCC_WARN_UNINITIALIZED_AUTOS = YES_AGGRESSIVE;
				GCC_WARN_UNUSED_FUNCTION = YES;
				GCC_WARN_UNUSED_VARIABLE = YES;
				IPHONEOS_DEPLOYMENT_TARGET = 16.4;
				MTL_ENABLE_DEBUG_INFO = INCLUDE_SOURCE;
				MTL_FAST_MATH = YES;
				ONLY_ACTIVE_ARCH = YES;
				SDKROOT = iphoneos;
				SWIFT_ACTIVE_COMPILATION_CONDITIONS = DEBUG;
				SWIFT_OPTIMIZATION_LEVEL = "-Onone";
			};
			name = Debug;
		};
		457973152A42F9040099D024 /* Release */ = {
			isa = XCBuildConfiguration;
			buildSettings = {
				ALWAYS_SEARCH_USER_PATHS = NO;
				CLANG_ANALYZER_NONNULL = YES;
				CLANG_ANALYZER_NUMBER_OBJECT_CONVERSION = YES_AGGRESSIVE;
				CLANG_CXX_LANGUAGE_STANDARD = "gnu++20";
				CLANG_ENABLE_MODULES = YES;
				CLANG_ENABLE_OBJC_ARC = YES;
				CLANG_ENABLE_OBJC_WEAK = YES;
				CLANG_WARN_BLOCK_CAPTURE_AUTORELEASING = YES;
				CLANG_WARN_BOOL_CONVERSION = YES;
				CLANG_WARN_COMMA = YES;
				CLANG_WARN_CONSTANT_CONVERSION = YES;
				CLANG_WARN_DEPRECATED_OBJC_IMPLEMENTATIONS = YES;
				CLANG_WARN_DIRECT_OBJC_ISA_USAGE = YES_ERROR;
				CLANG_WARN_DOCUMENTATION_COMMENTS = YES;
				CLANG_WARN_EMPTY_BODY = YES;
				CLANG_WARN_ENUM_CONVERSION = YES;
				CLANG_WARN_INFINITE_RECURSION = YES;
				CLANG_WARN_INT_CONVERSION = YES;
				CLANG_WARN_NON_LITERAL_NULL_CONVERSION = YES;
				CLANG_WARN_OBJC_IMPLICIT_RETAIN_SELF = YES;
				CLANG_WARN_OBJC_LITERAL_CONVERSION = YES;
				CLANG_WARN_OBJC_ROOT_CLASS = YES_ERROR;
				CLANG_WARN_QUOTED_INCLUDE_IN_FRAMEWORK_HEADER = YES;
				CLANG_WARN_RANGE_LOOP_ANALYSIS = YES;
				CLANG_WARN_STRICT_PROTOTYPES = YES;
				CLANG_WARN_SUSPICIOUS_MOVE = YES;
				CLANG_WARN_UNGUARDED_AVAILABILITY = YES_AGGRESSIVE;
				CLANG_WARN_UNREACHABLE_CODE = YES;
				CLANG_WARN__DUPLICATE_METHOD_MATCH = YES;
				COPY_PHASE_STRIP = NO;
				DEBUG_INFORMATION_FORMAT = "dwarf-with-dsym";
				ENABLE_NS_ASSERTIONS = NO;
				ENABLE_STRICT_OBJC_MSGSEND = YES;
				GCC_C_LANGUAGE_STANDARD = gnu11;
				GCC_NO_COMMON_BLOCKS = YES;
				GCC_WARN_64_TO_32_BIT_CONVERSION = YES;
				GCC_WARN_ABOUT_RETURN_TYPE = YES_ERROR;
				GCC_WARN_UNDECLARED_SELECTOR = YES;
				GCC_WARN_UNINITIALIZED_AUTOS = YES_AGGRESSIVE;
				GCC_WARN_UNUSED_FUNCTION = YES;
				GCC_WARN_UNUSED_VARIABLE = YES;
				IPHONEOS_DEPLOYMENT_TARGET = 16.4;
				MTL_ENABLE_DEBUG_INFO = NO;
				MTL_FAST_MATH = YES;
				SDKROOT = iphoneos;
				SWIFT_COMPILATION_MODE = wholemodule;
				SWIFT_OPTIMIZATION_LEVEL = "-O";
				VALIDATE_PRODUCT = YES;
			};
			name = Release;
		};
		457973172A42F9040099D024 /* Debug */ = {
			isa = XCBuildConfiguration;
			buildSettings = {
				ASSETCATALOG_COMPILER_APPICON_NAME = AppIcon;
				ASSETCATALOG_COMPILER_GLOBAL_ACCENT_COLOR_NAME = AccentColor;
				CODE_SIGN_STYLE = Automatic;
				CURRENT_PROJECT_VERSION = 1;
				DEVELOPMENT_TEAM = ZBZ792969D;
				GENERATE_INFOPLIST_FILE = YES;
				INFOPLIST_FILE = ValuCards/Info.plist;
				INFOPLIST_KEY_UIApplicationSupportsIndirectInputEvents = YES;
				INFOPLIST_KEY_UILaunchStoryboardName = LaunchScreen;
				INFOPLIST_KEY_UIMainStoryboardFile = Main;
				INFOPLIST_KEY_UISupportedInterfaceOrientations_iPad = "UIInterfaceOrientationPortrait UIInterfaceOrientationPortraitUpsideDown UIInterfaceOrientationLandscapeLeft UIInterfaceOrientationLandscapeRight";
				INFOPLIST_KEY_UISupportedInterfaceOrientations_iPhone = "UIInterfaceOrientationPortrait UIInterfaceOrientationLandscapeLeft UIInterfaceOrientationLandscapeRight";
				LD_RUNPATH_SEARCH_PATHS = (
					"$(inherited)",
					"@executable_path/Frameworks",
				);
				MARKETING_VERSION = 1.0;
				PRODUCT_BUNDLE_IDENTIFIER = com.LoranneJoncheray.ValuCards;
				PRODUCT_NAME = "$(TARGET_NAME)";
				SWIFT_EMIT_LOC_STRINGS = YES;
				SWIFT_VERSION = 5.0;
				TARGETED_DEVICE_FAMILY = "1,2";
			};
			name = Debug;
		};
		457973182A42F9040099D024 /* Release */ = {
			isa = XCBuildConfiguration;
			buildSettings = {
				ASSETCATALOG_COMPILER_APPICON_NAME = AppIcon;
				ASSETCATALOG_COMPILER_GLOBAL_ACCENT_COLOR_NAME = AccentColor;
				CODE_SIGN_STYLE = Automatic;
				CURRENT_PROJECT_VERSION = 1;
				DEVELOPMENT_TEAM = ZBZ792969D;
				GENERATE_INFOPLIST_FILE = YES;
				INFOPLIST_FILE = ValuCards/Info.plist;
				INFOPLIST_KEY_UIApplicationSupportsIndirectInputEvents = YES;
				INFOPLIST_KEY_UILaunchStoryboardName = LaunchScreen;
				INFOPLIST_KEY_UIMainStoryboardFile = Main;
				INFOPLIST_KEY_UISupportedInterfaceOrientations_iPad = "UIInterfaceOrientationPortrait UIInterfaceOrientationPortraitUpsideDown UIInterfaceOrientationLandscapeLeft UIInterfaceOrientationLandscapeRight";
				INFOPLIST_KEY_UISupportedInterfaceOrientations_iPhone = "UIInterfaceOrientationPortrait UIInterfaceOrientationLandscapeLeft UIInterfaceOrientationLandscapeRight";
				LD_RUNPATH_SEARCH_PATHS = (
					"$(inherited)",
					"@executable_path/Frameworks",
				);
				MARKETING_VERSION = 1.0;
				PRODUCT_BUNDLE_IDENTIFIER = com.LoranneJoncheray.ValuCards;
				PRODUCT_NAME = "$(TARGET_NAME)";
				SWIFT_EMIT_LOC_STRINGS = YES;
				SWIFT_VERSION = 5.0;
				TARGETED_DEVICE_FAMILY = "1,2";
			};
			name = Release;
		};
		4579731A2A42F9040099D024 /* Debug */ = {
			isa = XCBuildConfiguration;
			buildSettings = {
				ALWAYS_EMBED_SWIFT_STANDARD_LIBRARIES = YES;
				BUNDLE_LOADER = "$(TEST_HOST)";
				CODE_SIGN_STYLE = Automatic;
				CURRENT_PROJECT_VERSION = 1;
				DEVELOPMENT_TEAM = ZBZ792969D;
				GENERATE_INFOPLIST_FILE = YES;
				IPHONEOS_DEPLOYMENT_TARGET = 16.4;
				MARKETING_VERSION = 1.0;
				PRODUCT_BUNDLE_IDENTIFIER = com.LoranneJoncheray.ValuCardsTests;
				PRODUCT_NAME = "$(TARGET_NAME)";
				SWIFT_EMIT_LOC_STRINGS = NO;
				SWIFT_VERSION = 5.0;
				TARGETED_DEVICE_FAMILY = "1,2";
				TEST_HOST = "$(BUILT_PRODUCTS_DIR)/ValuCards.app/$(BUNDLE_EXECUTABLE_FOLDER_PATH)/ValuCards";
			};
			name = Debug;
		};
		4579731B2A42F9040099D024 /* Release */ = {
			isa = XCBuildConfiguration;
			buildSettings = {
				ALWAYS_EMBED_SWIFT_STANDARD_LIBRARIES = YES;
				BUNDLE_LOADER = "$(TEST_HOST)";
				CODE_SIGN_STYLE = Automatic;
				CURRENT_PROJECT_VERSION = 1;
				DEVELOPMENT_TEAM = ZBZ792969D;
				GENERATE_INFOPLIST_FILE = YES;
				IPHONEOS_DEPLOYMENT_TARGET = 16.4;
				MARKETING_VERSION = 1.0;
				PRODUCT_BUNDLE_IDENTIFIER = com.LoranneJoncheray.ValuCardsTests;
				PRODUCT_NAME = "$(TARGET_NAME)";
				SWIFT_EMIT_LOC_STRINGS = NO;
				SWIFT_VERSION = 5.0;
				TARGETED_DEVICE_FAMILY = "1,2";
				TEST_HOST = "$(BUILT_PRODUCTS_DIR)/ValuCards.app/$(BUNDLE_EXECUTABLE_FOLDER_PATH)/ValuCards";
			};
			name = Release;
		};
		4579731D2A42F9040099D024 /* Debug */ = {
			isa = XCBuildConfiguration;
			buildSettings = {
				ALWAYS_EMBED_SWIFT_STANDARD_LIBRARIES = YES;
				CODE_SIGN_STYLE = Automatic;
				CURRENT_PROJECT_VERSION = 1;
				DEVELOPMENT_TEAM = ZBZ792969D;
				GENERATE_INFOPLIST_FILE = YES;
				MARKETING_VERSION = 1.0;
				PRODUCT_BUNDLE_IDENTIFIER = com.LoranneJoncheray.ValuCardsUITests;
				PRODUCT_NAME = "$(TARGET_NAME)";
				SWIFT_EMIT_LOC_STRINGS = NO;
				SWIFT_VERSION = 5.0;
				TARGETED_DEVICE_FAMILY = "1,2";
				TEST_TARGET_NAME = ValuCards;
			};
			name = Debug;
		};
		4579731E2A42F9040099D024 /* Release */ = {
			isa = XCBuildConfiguration;
			buildSettings = {
				ALWAYS_EMBED_SWIFT_STANDARD_LIBRARIES = YES;
				CODE_SIGN_STYLE = Automatic;
				CURRENT_PROJECT_VERSION = 1;
				DEVELOPMENT_TEAM = ZBZ792969D;
				GENERATE_INFOPLIST_FILE = YES;
				MARKETING_VERSION = 1.0;
				PRODUCT_BUNDLE_IDENTIFIER = com.LoranneJoncheray.ValuCardsUITests;
				PRODUCT_NAME = "$(TARGET_NAME)";
				SWIFT_EMIT_LOC_STRINGS = NO;
				SWIFT_VERSION = 5.0;
				TARGETED_DEVICE_FAMILY = "1,2";
				TEST_TARGET_NAME = ValuCards;
			};
			name = Release;
		};
/* End XCBuildConfiguration section */

/* Begin XCConfigurationList section */
		457972E72A42F9030099D024 /* Build configuration list for PBXProject "ValuCards" */ = {
			isa = XCConfigurationList;
			buildConfigurations = (
				457973142A42F9040099D024 /* Debug */,
				457973152A42F9040099D024 /* Release */,
			);
			defaultConfigurationIsVisible = 0;
			defaultConfigurationName = Release;
		};
		457973162A42F9040099D024 /* Build configuration list for PBXNativeTarget "ValuCards" */ = {
			isa = XCConfigurationList;
			buildConfigurations = (
				457973172A42F9040099D024 /* Debug */,
				457973182A42F9040099D024 /* Release */,
			);
			defaultConfigurationIsVisible = 0;
			defaultConfigurationName = Release;
		};
		457973192A42F9040099D024 /* Build configuration list for PBXNativeTarget "ValuCardsTests" */ = {
			isa = XCConfigurationList;
			buildConfigurations = (
				4579731A2A42F9040099D024 /* Debug */,
				4579731B2A42F9040099D024 /* Release */,
			);
			defaultConfigurationIsVisible = 0;
			defaultConfigurationName = Release;
		};
		4579731C2A42F9040099D024 /* Build configuration list for PBXNativeTarget "ValuCardsUITests" */ = {
			isa = XCConfigurationList;
			buildConfigurations = (
				4579731D2A42F9040099D024 /* Debug */,
				4579731E2A42F9040099D024 /* Release */,
			);
			defaultConfigurationIsVisible = 0;
			defaultConfigurationName = Release;
		};
/* End XCConfigurationList section */

/* Begin XCRemoteSwiftPackageReference section */
		450E40F62AC180EF008B225F /* XCRemoteSwiftPackageReference "SDWebImage" */ = {
			isa = XCRemoteSwiftPackageReference;
			repositoryURL = "https://github.com/SDWebImage/SDWebImage";
			requirement = {
				kind = upToNextMajorVersion;
				minimumVersion = 5.0.0;
			};
		};
		4514BEB22A6FAD73004498FD /* XCRemoteSwiftPackageReference "Alamofire" */ = {
			isa = XCRemoteSwiftPackageReference;
			repositoryURL = "https://github.com/Alamofire/Alamofire.git";
			requirement = {
				kind = upToNextMajorVersion;
				minimumVersion = 5.0.0;
			};
		};
		4514BEB82A6FADAA004498FD /* XCRemoteSwiftPackageReference "firebase-ios-sdk" */ = {
			isa = XCRemoteSwiftPackageReference;
			repositoryURL = "https://github.com/firebase/firebase-ios-sdk.git";
			requirement = {
				kind = upToNextMajorVersion;
				minimumVersion = 10.0.0;
			};
		};
		452CBD912AB47C2F009C71D1 /* XCRemoteSwiftPackageReference "GoogleSignIn-iOS" */ = {
			isa = XCRemoteSwiftPackageReference;
			repositoryURL = "https://github.com/google/GoogleSignIn-iOS";
			requirement = {
				kind = upToNextMajorVersion;
				minimumVersion = 7.0.0;
			};
		};
		452CBDA82AB8569B009C71D1 /* XCRemoteSwiftPackageReference "facebook-ios-sdk" */ = {
			isa = XCRemoteSwiftPackageReference;
			repositoryURL = "https://github.com/facebook/facebook-ios-sdk";
			requirement = {
				kind = upToNextMajorVersion;
				minimumVersion = 14.0.0;
			};
		};
		45B5B3B12AAB044800A0E169 /* XCRemoteSwiftPackageReference "Charts" */ = {
			isa = XCRemoteSwiftPackageReference;
			repositoryURL = "https://github.com/danielgindi/Charts.git";
			requirement = {
				kind = upToNextMajorVersion;
				minimumVersion = 5.0.0;
			};
		};
/* End XCRemoteSwiftPackageReference section */

/* Begin XCSwiftPackageProductDependency section */
		450E40F72AC180EF008B225F /* SDWebImage */ = {
			isa = XCSwiftPackageProductDependency;
			package = 450E40F62AC180EF008B225F /* XCRemoteSwiftPackageReference "SDWebImage" */;
			productName = SDWebImage;
		};
		4514BEB32A6FAD73004498FD /* Alamofire */ = {
			isa = XCSwiftPackageProductDependency;
			package = 4514BEB22A6FAD73004498FD /* XCRemoteSwiftPackageReference "Alamofire" */;
			productName = Alamofire;
		};
		4514BEB92A6FADAA004498FD /* FirebaseAnalytics */ = {
			isa = XCSwiftPackageProductDependency;
			package = 4514BEB82A6FADAA004498FD /* XCRemoteSwiftPackageReference "firebase-ios-sdk" */;
			productName = FirebaseAnalytics;
		};
		4514BEBB2A6FADAA004498FD /* FirebaseAuth */ = {
			isa = XCSwiftPackageProductDependency;
			package = 4514BEB82A6FADAA004498FD /* XCRemoteSwiftPackageReference "firebase-ios-sdk" */;
			productName = FirebaseAuth;
		};
		4514BEBD2A6FADAA004498FD /* FirebaseCrashlytics */ = {
			isa = XCSwiftPackageProductDependency;
			package = 4514BEB82A6FADAA004498FD /* XCRemoteSwiftPackageReference "firebase-ios-sdk" */;
			productName = FirebaseCrashlytics;
		};
		452CBD922AB47C2F009C71D1 /* GoogleSignIn */ = {
			isa = XCSwiftPackageProductDependency;
			package = 452CBD912AB47C2F009C71D1 /* XCRemoteSwiftPackageReference "GoogleSignIn-iOS" */;
			productName = GoogleSignIn;
		};
		452CBD942AB47C2F009C71D1 /* GoogleSignInSwift */ = {
			isa = XCSwiftPackageProductDependency;
			package = 452CBD912AB47C2F009C71D1 /* XCRemoteSwiftPackageReference "GoogleSignIn-iOS" */;
			productName = GoogleSignInSwift;
		};
		452CBDA92AB8569B009C71D1 /* FacebookCore */ = {
			isa = XCSwiftPackageProductDependency;
			package = 452CBDA82AB8569B009C71D1 /* XCRemoteSwiftPackageReference "facebook-ios-sdk" */;
			productName = FacebookCore;
		};
		452CBDAB2AB8569B009C71D1 /* FacebookLogin */ = {
			isa = XCSwiftPackageProductDependency;
			package = 452CBDA82AB8569B009C71D1 /* XCRemoteSwiftPackageReference "facebook-ios-sdk" */;
			productName = FacebookLogin;
		};
		45B5B3B22AAB044800A0E169 /* DGCharts */ = {
			isa = XCSwiftPackageProductDependency;
			package = 45B5B3B12AAB044800A0E169 /* XCRemoteSwiftPackageReference "Charts" */;
			productName = DGCharts;
		};
/* End XCSwiftPackageProductDependency section */
	};
	rootObject = 457972E42A42F9030099D024 /* Project object */;
}
